
Microsoft Visual Studio Solution File, Format Version 12.00
# Visual Studio Version 17
VisualStudioVersion = 17.6.33815.320
MinimumVisualStudioVersion = 10.0.40219.1
Project("{9A19103F-16F7-4668-BE54-9A1E7A4F7556}") = "OTUS.InterfacesHW", "OTUS.InterfacesHW\OTUS.InterfacesHW.csproj", "{C849615A-04F3-4C66-985C-4F8B4169E545}"
EndProject
Global
	GlobalSection(SolutionConfigurationPlatforms) = preSolution
		Debug|Any CPU = Debug|Any CPU
		Release|Any CPU = Release|Any CPU
	EndGlobalSection
	GlobalSection(ProjectConfigurationPlatforms) = postSolution
		{C849615A-04F3-4C66-985C-4F8B4169E545}.Debug|Any CPU.ActiveCfg = Debug|Any CPU
		{C849615A-04F3-4C66-985C-4F8B4169E545}.Debug|Any CPU.Build.0 = Debug|Any CPU
		{C849615A-04F3-4C66-985C-4F8B4169E545}.Release|Any CPU.ActiveCfg = Release|Any CPU
		{C849615A-04F3-4C66-985C-4F8B4169E545}.Release|Any CPU.Build.0 = Release|Any CPU
	EndGlobalSection
	GlobalSection(SolutionProperties) = preSolution
		HideSolutionNode = FALSE
	EndGlobalSection
	GlobalSection(ExtensibilityGlobals) = postSolution
		SolutionGuid = {46CE1145-6469-4056-809D-1ABFEF173E41}
	EndGlobalSection
EndGlobal
